
Microsoft Visual Studio Solution File, Format Version 12.00
# Visual Studio Version 16
VisualStudioVersion = 16.0.32228.343
MinimumVisualStudioVersion = 10.0.40219.1
Project("{FAE04EC0-301F-11D3-BF4B-00C04F79EFBC}") = "Homework", "Homework.csproj", "{82491A35-E1C0-4DB6-856D-BBB8ADBE1390}"
EndProject
Global
	GlobalSection(SolutionConfigurationPlatforms) = preSolution
		Debug|Any CPU = Debug|Any CPU
		Release|Any CPU = Release|Any CPU
	EndGlobalSection
	GlobalSection(ProjectConfigurationPlatforms) = postSolution
		{82491A35-E1C0-4DB6-856D-BBB8ADBE1390}.Debug|Any CPU.ActiveCfg = Debug|Any CPU
		{82491A35-E1C0-4DB6-856D-BBB8ADBE1390}.Debug|Any CPU.Build.0 = Debug|Any CPU
		{82491A35-E1C0-4DB6-856D-BBB8ADBE1390}.Release|Any CPU.ActiveCfg = Release|Any CPU
		{82491A35-E1C0-4DB6-856D-BBB8ADBE1390}.Release|Any CPU.Build.0 = Release|Any CPU
	EndGlobalSection
	GlobalSection(SolutionProperties) = preSolution
		HideSolutionNode = FALSE
	EndGlobalSection
	GlobalSection(ExtensibilityGlobals) = postSolution
		SolutionGuid = {99CC877A-8127-4884-A2C6-0B0907547C6A}
	EndGlobalSection
EndGlobal
