
Microsoft Visual Studio Solution File, Format Version 12.00
# Visual Studio Version 16
VisualStudioVersion = 16.0.32228.343
MinimumVisualStudioVersion = 10.0.40219.1
Project("{FAE04EC0-301F-11D3-BF4B-00C04F79EFBC}") = "LessonHomework_4_2", "LessonHomework_4_2.csproj", "{69CD00EF-C79E-4BB4-9E66-6B9D10105641}"
EndProject
Global
	GlobalSection(SolutionConfigurationPlatforms) = preSolution
		Debug|Any CPU = Debug|Any CPU
		Release|Any CPU = Release|Any CPU
	EndGlobalSection
	GlobalSection(ProjectConfigurationPlatforms) = postSolution
		{69CD00EF-C79E-4BB4-9E66-6B9D10105641}.Debug|Any CPU.ActiveCfg = Debug|Any CPU
		{69CD00EF-C79E-4BB4-9E66-6B9D10105641}.Debug|Any CPU.Build.0 = Debug|Any CPU
		{69CD00EF-C79E-4BB4-9E66-6B9D10105641}.Release|Any CPU.ActiveCfg = Release|Any CPU
		{69CD00EF-C79E-4BB4-9E66-6B9D10105641}.Release|Any CPU.Build.0 = Release|Any CPU
	EndGlobalSection
	GlobalSection(SolutionProperties) = preSolution
		HideSolutionNode = FALSE
	EndGlobalSection
	GlobalSection(ExtensibilityGlobals) = postSolution
		SolutionGuid = {0146B070-4597-4396-816B-EDDFDBCA62A9}
	EndGlobalSection
EndGlobal
